// !$*UTF8*$!
{
	archiveVersion = 1;
	classes = {
	};
	objectVersion = 56;
	objects = {

/* Begin PBXBuildFile section */
		1F8769D929F807EF001D2194 /* Tile.cpp in Sources */ = {isa = PBXBuildFile; fileRef = 1F8769D229F807EE001D2194 /* Tile.cpp */; };
		1F8769DA29F807EF001D2194 /* LeftL.cpp in Sources */ = {isa = PBXBuildFile; fileRef = 1F8769D329F807EE001D2194 /* LeftL.cpp */; };
		1F8769DB29F807EF001D2194 /* main.cpp in Sources */ = {isa = PBXBuildFile; fileRef = 1F8769D729F807EF001D2194 /* main.cpp */; };
/* End PBXBuildFile section */

/* Begin PBXCopyFilesBuildPhase section */
		1F8769C629F807CE001D2194 /* CopyFiles */ = {
			isa = PBXCopyFilesBuildPhase;
			buildActionMask = 2147483647;
			dstPath = /usr/share/man/man1/;
			dstSubfolderSpec = 0;
			files = (
			);
			runOnlyForDeploymentPostprocessing = 1;
		};
/* End PBXCopyFilesBuildPhase section */

/* Begin PBXFileReference section */
		1F8769C829F807CE001D2194 /* Tetris_XC */ = {isa = PBXFileReference; explicitFileType = "compiled.mach-o.executable"; includeInIndex = 0; path = Tetris_XC; sourceTree = BUILT_PRODUCTS_DIR; };
		1F8769D229F807EE001D2194 /* Tile.cpp */ = {isa = PBXFileReference; fileEncoding = 4; lastKnownFileType = sourcecode.cpp.cpp; name = Tile.cpp; path = "../../!Source Code/Tile.cpp"; sourceTree = "<group>"; };
		1F8769D329F807EE001D2194 /* LeftL.cpp */ = {isa = PBXFileReference; fileEncoding = 4; lastKnownFileType = sourcecode.cpp.cpp; name = LeftL.cpp; path = "../../!Source Code/LeftL.cpp"; sourceTree = "<group>"; };
		1F8769D429F807EE001D2194 /* Tile.h */ = {isa = PBXFileReference; fileEncoding = 4; lastKnownFileType = sourcecode.c.h; name = Tile.h; path = "../../!Source Code/Tile.h"; sourceTree = "<group>"; };
		1F8769D529F807EE001D2194 /* LeftL.h */ = {isa = PBXFileReference; fileEncoding = 4; lastKnownFileType = sourcecode.c.h; name = LeftL.h; path = "../../!Source Code/LeftL.h"; sourceTree = "<group>"; };
		1F8769D629F807EE001D2194 /* MacSDL */ = {isa = PBXFileReference; lastKnownFileType = folder; name = MacSDL; path = "../../!Source Code/MacSDL"; sourceTree = "<group>"; };
		1F8769D729F807EF001D2194 /* main.cpp */ = {isa = PBXFileReference; fileEncoding = 4; lastKnownFileType = sourcecode.cpp.cpp; name = main.cpp; path = "../../!Source Code/main.cpp"; sourceTree = "<group>"; };
		1F8769D829F807EF001D2194 /* Constants.h */ = {isa = PBXFileReference; fileEncoding = 4; lastKnownFileType = sourcecode.c.h; name = Constants.h; path = "../../!Source Code/Constants.h"; sourceTree = "<group>"; };
/* End PBXFileReference section */

/* Begin PBXFrameworksBuildPhase section */
		1F8769C529F807CE001D2194 /* Frameworks */ = {
			isa = PBXFrameworksBuildPhase;
			buildActionMask = 2147483647;
			files = (
			);
			runOnlyForDeploymentPostprocessing = 0;
		};
/* End PBXFrameworksBuildPhase section */

/* Begin PBXGroup section */
		1F8769BF29F807CE001D2194 = {
			isa = PBXGroup;
			children = (
				1F8769DE29F80832001D2194 /* CPP Files */,
				1F8769DD29F80818001D2194 /* Header Files */,
				1F8769DC29F80806001D2194 /* SDL File */,
				1F8769D729F807EF001D2194 /* main.cpp */,
				1F8769C929F807CE001D2194 /* Products */,
			);
			sourceTree = "<group>";
		};
		1F8769C929F807CE001D2194 /* Products */ = {
			isa = PBXGroup;
			children = (
				1F8769C829F807CE001D2194 /* Tetris_XC */,
			);
			name = Products;
			sourceTree = "<group>";
		};
		1F8769DC29F80806001D2194 /* SDL File */ = {
			isa = PBXGroup;
			children = (
				1F8769D629F807EE001D2194 /* MacSDL */,
			);
			name = "SDL File";
			sourceTree = "<group>";
		};
		1F8769DD29F80818001D2194 /* Header Files */ = {
			isa = PBXGroup;
			children = (
				1F8769D829F807EF001D2194 /* Constants.h */,
				1F8769D529F807EE001D2194 /* LeftL.h */,
				1F8769D429F807EE001D2194 /* Tile.h */,
			);
			name = "Header Files";
			sourceTree = "<group>";
		};
		1F8769DE29F80832001D2194 /* CPP Files */ = {
			isa = PBXGroup;
			children = (
				1F8769D329F807EE001D2194 /* LeftL.cpp */,
				1F8769D229F807EE001D2194 /* Tile.cpp */,
			);
			name = "CPP Files";
			sourceTree = "<group>";
		};
/* End PBXGroup section */

/* Begin PBXNativeTarget section */
		1F8769C729F807CE001D2194 /* Tetris_XC */ = {
			isa = PBXNativeTarget;
			buildConfigurationList = 1F8769CF29F807CE001D2194 /* Build configuration list for PBXNativeTarget "Tetris_XC" */;
			buildPhases = (
				1F8769C429F807CE001D2194 /* Sources */,
				1F8769C529F807CE001D2194 /* Frameworks */,
				1F8769C629F807CE001D2194 /* CopyFiles */,
			);
			buildRules = (
			);
			dependencies = (
			);
			name = Tetris_XC;
			productName = Tetris_XC;
			productReference = 1F8769C829F807CE001D2194 /* Tetris_XC */;
			productType = "com.apple.product-type.tool";
		};
/* End PBXNativeTarget section */

/* Begin PBXProject section */
		1F8769C029F807CE001D2194 /* Project object */ = {
			isa = PBXProject;
			attributes = {
				BuildIndependentTargetsInParallel = 1;
				LastUpgradeCheck = 1430;
				TargetAttributes = {
					1F8769C729F807CE001D2194 = {
						CreatedOnToolsVersion = 14.3;
					};
				};
			};
			buildConfigurationList = 1F8769C329F807CE001D2194 /* Build configuration list for PBXProject "Tetris_XC" */;
			compatibilityVersion = "Xcode 14.0";
			developmentRegion = en;
			hasScannedForEncodings = 0;
			knownRegions = (
				en,
				Base,
			);
			mainGroup = 1F8769BF29F807CE001D2194;
			productRefGroup = 1F8769C929F807CE001D2194 /* Products */;
			projectDirPath = "";
			projectRoot = "";
			targets = (
				1F8769C729F807CE001D2194 /* Tetris_XC */,
			);
		};
/* End PBXProject section */

/* Begin PBXSourcesBuildPhase section */
		1F8769C429F807CE001D2194 /* Sources */ = {
			isa = PBXSourcesBuildPhase;
			buildActionMask = 2147483647;
			files = (
				1F8769D929F807EF001D2194 /* Tile.cpp in Sources */,
				1F8769DA29F807EF001D2194 /* LeftL.cpp in Sources */,
				1F8769DB29F807EF001D2194 /* main.cpp in Sources */,
			);
			runOnlyForDeploymentPostprocessing = 0;
		};
/* End PBXSourcesBuildPhase section */

/* Begin XCBuildConfiguration section */
		1F8769CD29F807CE001D2194 /* Debug */ = {
			isa = XCBuildConfiguration;
			buildSettings = {
				ALWAYS_SEARCH_USER_PATHS = NO;
				CLANG_ANALYZER_NONNULL = YES;
				CLANG_ANALYZER_NUMBER_OBJECT_CONVERSION = YES_AGGRESSIVE;
				CLANG_CXX_LANGUAGE_STANDARD = "gnu++20";
				CLANG_ENABLE_MODULES = YES;
				CLANG_ENABLE_OBJC_ARC = YES;
				CLANG_ENABLE_OBJC_WEAK = YES;
				CLANG_WARN_BLOCK_CAPTURE_AUTORELEASING = YES;
				CLANG_WARN_BOOL_CONVERSION = YES;
				CLANG_WARN_COMMA = YES;
				CLANG_WARN_CONSTANT_CONVERSION = YES;
				CLANG_WARN_DEPRECATED_OBJC_IMPLEMENTATIONS = YES;
				CLANG_WARN_DIRECT_OBJC_ISA_USAGE = YES_ERROR;
				CLANG_WARN_DOCUMENTATION_COMMENTS = YES;
				CLANG_WARN_EMPTY_BODY = YES;
				CLANG_WARN_ENUM_CONVERSION = YES;
				CLANG_WARN_INFINITE_RECURSION = YES;
				CLANG_WARN_INT_CONVERSION = YES;
				CLANG_WARN_NON_LITERAL_NULL_CONVERSION = YES;
				CLANG_WARN_OBJC_IMPLICIT_RETAIN_SELF = YES;
				CLANG_WARN_OBJC_LITERAL_CONVERSION = YES;
				CLANG_WARN_OBJC_ROOT_CLASS = YES_ERROR;
				CLANG_WARN_QUOTED_INCLUDE_IN_FRAMEWORK_HEADER = YES;
				CLANG_WARN_RANGE_LOOP_ANALYSIS = YES;
				CLANG_WARN_STRICT_PROTOTYPES = YES;
				CLANG_WARN_SUSPICIOUS_MOVE = YES;
				CLANG_WARN_UNGUARDED_AVAILABILITY = YES_AGGRESSIVE;
				CLANG_WARN_UNREACHABLE_CODE = YES;
				CLANG_WARN__DUPLICATE_METHOD_MATCH = YES;
				COPY_PHASE_STRIP = NO;
				DEBUG_INFORMATION_FORMAT = dwarf;
				ENABLE_STRICT_OBJC_MSGSEND = YES;
				ENABLE_TESTABILITY = YES;
				GCC_C_LANGUAGE_STANDARD = gnu11;
				GCC_DYNAMIC_NO_PIC = NO;
				GCC_NO_COMMON_BLOCKS = YES;
				GCC_OPTIMIZATION_LEVEL = 0;
				GCC_PREPROCESSOR_DEFINITIONS = (
					"DEBUG=1",
					"$(inherited)",
				);
				GCC_WARN_64_TO_32_BIT_CONVERSION = YES;
				GCC_WARN_ABOUT_RETURN_TYPE = YES_ERROR;
				GCC_WARN_UNDECLARED_SELECTOR = YES;
				GCC_WARN_UNINITIALIZED_AUTOS = YES_AGGRESSIVE;
				GCC_WARN_UNUSED_FUNCTION = YES;
				GCC_WARN_UNUSED_VARIABLE = YES;
				MACOSX_DEPLOYMENT_TARGET = 13.1;
				MTL_ENABLE_DEBUG_INFO = INCLUDE_SOURCE;
				MTL_FAST_MATH = YES;
				ONLY_ACTIVE_ARCH = YES;
				SDKROOT = macosx;
			};
			name = Debug;
		};
		1F8769CE29F807CE001D2194 /* Release */ = {
			isa = XCBuildConfiguration;
			buildSettings = {
				ALWAYS_SEARCH_USER_PATHS = NO;
				CLANG_ANALYZER_NONNULL = YES;
				CLANG_ANALYZER_NUMBER_OBJECT_CONVERSION = YES_AGGRESSIVE;
				CLANG_CXX_LANGUAGE_STANDARD = "gnu++20";
				CLANG_ENABLE_MODULES = YES;
				CLANG_ENABLE_OBJC_ARC = YES;
				CLANG_ENABLE_OBJC_WEAK = YES;
				CLANG_WARN_BLOCK_CAPTURE_AUTORELEASING = YES;
				CLANG_WARN_BOOL_CONVERSION = YES;
				CLANG_WARN_COMMA = YES;
				CLANG_WARN_CONSTANT_CONVERSION = YES;
				CLANG_WARN_DEPRECATED_OBJC_IMPLEMENTATIONS = YES;
				CLANG_WARN_DIRECT_OBJC_ISA_USAGE = YES_ERROR;
				CLANG_WARN_DOCUMENTATION_COMMENTS = YES;
				CLANG_WARN_EMPTY_BODY = YES;
				CLANG_WARN_ENUM_CONVERSION = YES;
				CLANG_WARN_INFINITE_RECURSION = YES;
				CLANG_WARN_INT_CONVERSION = YES;
				CLANG_WARN_NON_LITERAL_NULL_CONVERSION = YES;
				CLANG_WARN_OBJC_IMPLICIT_RETAIN_SELF = YES;
				CLANG_WARN_OBJC_LITERAL_CONVERSION = YES;
				CLANG_WARN_OBJC_ROOT_CLASS = YES_ERROR;
				CLANG_WARN_QUOTED_INCLUDE_IN_FRAMEWORK_HEADER = YES;
				CLANG_WARN_RANGE_LOOP_ANALYSIS = YES;
				CLANG_WARN_STRICT_PROTOTYPES = YES;
				CLANG_WARN_SUSPICIOUS_MOVE = YES;
				CLANG_WARN_UNGUARDED_AVAILABILITY = YES_AGGRESSIVE;
				CLANG_WARN_UNREACHABLE_CODE = YES;
				CLANG_WARN__DUPLICATE_METHOD_MATCH = YES;
				COPY_PHASE_STRIP = NO;
				DEBUG_INFORMATION_FORMAT = "dwarf-with-dsym";
				ENABLE_NS_ASSERTIONS = NO;
				ENABLE_STRICT_OBJC_MSGSEND = YES;
				GCC_C_LANGUAGE_STANDARD = gnu11;
				GCC_NO_COMMON_BLOCKS = YES;
				GCC_WARN_64_TO_32_BIT_CONVERSION = YES;
				GCC_WARN_ABOUT_RETURN_TYPE = YES_ERROR;
				GCC_WARN_UNDECLARED_SELECTOR = YES;
				GCC_WARN_UNINITIALIZED_AUTOS = YES_AGGRESSIVE;
				GCC_WARN_UNUSED_FUNCTION = YES;
				GCC_WARN_UNUSED_VARIABLE = YES;
				MACOSX_DEPLOYMENT_TARGET = 13.1;
				MTL_ENABLE_DEBUG_INFO = NO;
				MTL_FAST_MATH = YES;
				SDKROOT = macosx;
			};
			name = Release;
		};
		1F8769D029F807CE001D2194 /* Debug */ = {
			isa = XCBuildConfiguration;
			buildSettings = {
				CODE_SIGN_STYLE = Automatic;
				PRODUCT_NAME = "$(TARGET_NAME)";
			};
			name = Debug;
		};
		1F8769D129F807CE001D2194 /* Release */ = {
			isa = XCBuildConfiguration;
			buildSettings = {
				CODE_SIGN_STYLE = Automatic;
				PRODUCT_NAME = "$(TARGET_NAME)";
			};
			name = Release;
		};
/* End XCBuildConfiguration section */

/* Begin XCConfigurationList section */
		1F8769C329F807CE001D2194 /* Build configuration list for PBXProject "Tetris_XC" */ = {
			isa = XCConfigurationList;
			buildConfigurations = (
				1F8769CD29F807CE001D2194 /* Debug */,
				1F8769CE29F807CE001D2194 /* Release */,
			);
			defaultConfigurationIsVisible = 0;
			defaultConfigurationName = Release;
		};
		1F8769CF29F807CE001D2194 /* Build configuration list for PBXNativeTarget "Tetris_XC" */ = {
			isa = XCConfigurationList;
			buildConfigurations = (
				1F8769D029F807CE001D2194 /* Debug */,
				1F8769D129F807CE001D2194 /* Release */,
			);
			defaultConfigurationIsVisible = 0;
			defaultConfigurationName = Release;
		};
/* End XCConfigurationList section */
	};
	rootObject = 1F8769C029F807CE001D2194 /* Project object */;
}
