<?xml version="1.0" encoding="utf-8"?>
<Project ToolsVersion="4.0" xmlns="http://schemas.microsoft.com/developer/msbuild/2003">
  <ItemGroup>
    <Filter Include="Header Files">
      <UniqueIdentifier>{93995380-89BD-4b04-88EB-625FBE52EBFB}</UniqueIdentifier>
      <Extensions>h;hh;hpp;hxx;h++;hm;inl;inc;ipp;xsd</Extensions>
    </Filter>
    <Filter Include="CPP Files">
      <UniqueIdentifier>{4FC737F1-C7A5-4376-A066-2A32D752A2FF}</UniqueIdentifier>
      <Extensions>cpp;c;cc;cxx;c++;cppm;ixx;def;odl;idl;hpj;bat;asm;asmx</Extensions>
    </Filter>
    <Filter Include="SDL Files">
      <UniqueIdentifier>{72574af8-eb51-49e0-bc23-4aa1eb891852}</UniqueIdentifier>
    </Filter>
    <Filter Include="font">
      <UniqueIdentifier>{1b02a3ad-8914-4d05-a712-5f5e6d181a51}</UniqueIdentifier>
    </Filter>
  </ItemGroup>
  <ItemGroup>
    <ClCompile Include="..\..\!Source Code\main.cpp" />
    <ClCompile Include="..\..\!Source Code\SDL_Plotter.cpp">
      <Filter>SDL Files</Filter>
    </ClCompile>
    <ClCompile Include="..\..\!Source Code\Tile.cpp">
      <Filter>CPP Files</Filter>
    </ClCompile>
    <ClCompile Include="..\..\!Source Code\LeftL.cpp">
      <Filter>CPP Files</Filter>
    </ClCompile>
    <ClCompile Include="..\..\!Source Code\Square.cpp">
      <Filter>CPP Files</Filter>
    </ClCompile>
    <ClCompile Include="..\..\!Source Code\Tee.cpp">
      <Filter>CPP Files</Filter>
    </ClCompile>
    <ClCompile Include="..\..\!Source Code\Line.cpp">
      <Filter>CPP Files</Filter>
    </ClCompile>
    <ClCompile Include="..\..\!Source Code\RightL.cpp">
      <Filter>CPP Files</Filter>
    </ClCompile>
    <ClCompile Include="..\..\!Source Code\SigZag.cpp">
      <Filter>CPP Files</Filter>
    </ClCompile>
    <ClCompile Include="..\..\!Source Code\ZigZag.cpp">
      <Filter>CPP Files</Filter>
    </ClCompile>
    <ClCompile Include="..\..\!Source Code\Text.cpp">
      <Filter>CPP Files</Filter>
    </ClCompile>
  </ItemGroup>
  <ItemGroup>
    <ClInclude Include="..\..\!Source Code\SDL_Plotter.h">
      <Filter>SDL Files</Filter>
    </ClInclude>
    <ClInclude Include="..\..\!Source Code\Constants.h">
      <Filter>Header Files</Filter>
    </ClInclude>
    <ClInclude Include="..\..\!Source Code\Tile.h">
      <Filter>Header Files</Filter>
    </ClInclude>
    <ClInclude Include="..\..\!Source Code\LeftL.h">
      <Filter>Header Files</Filter>
    </ClInclude>
    <ClInclude Include="..\..\!Source Code\Text.h">
      <Filter>Header Files</Filter>
    </ClInclude>
  </ItemGroup>
  <ItemGroup>
    <ClInclude Include="..\..\!Source Code\Square.h">
      <Filter>Header Files</Filter>
    </ClInclude>
    <ClInclude Include="..\..\!Source Code\Tee.h">
      <Filter>Header Files</Filter>
    </ClInclude>
    <ClInclude Include="..\..\!Source Code\Line.h">
      <Filter>Header Files</Filter>
    </ClInclude>
    <ClInclude Include="..\..\!Source Code\RightL.h">
      <Filter>Header Files</Filter>
    </ClInclude>
    <ClInclude Include="..\..\!Source Code\SigZag.h">
      <Filter>Header Files</Filter>
    </ClInclude>
    <ClInclude Include="..\..\!Source Code\ZigZag.h">
      <Filter>Header Files</Filter>
    </ClInclude>
    <ClInclude Include="..\..\!Source Code\startScreen.h">
      <Filter>Header Files</Filter>
    </ClInclude>
  </ItemGroup>
  <ItemGroup>
    <Text Include="..\..\!Source Code\font\-.txt">
      <Filter>font</Filter>
    </Text>
    <Text Include="..\..\!Source Code\font\_.txt">
      <Filter>font</Filter>
    </Text>
    <Text Include="..\..\!Source Code\font\0.txt">
      <Filter>font</Filter>
    </Text>
    <Text Include="..\..\!Source Code\font\1.txt">
      <Filter>font</Filter>
    </Text>
    <Text Include="..\..\!Source Code\font\2.txt">
      <Filter>font</Filter>
    </Text>
    <Text Include="..\..\!Source Code\font\3.txt">
      <Filter>font</Filter>
    </Text>
    <Text Include="..\..\!Source Code\font\4.txt">
      <Filter>font</Filter>
    </Text>
    <Text Include="..\..\!Source Code\font\5.txt">
      <Filter>font</Filter>
    </Text>
    <Text Include="..\..\!Source Code\font\6.txt">
      <Filter>font</Filter>
    </Text>
    <Text Include="..\..\!Source Code\font\8.txt">
      <Filter>font</Filter>
    </Text>
    <Text Include="..\..\!Source Code\font\7.txt">
      <Filter>font</Filter>
    </Text>
    <Text Include="..\..\!Source Code\font\9.txt">
      <Filter>font</Filter>
    </Text>
    <Text Include="..\..\!Source Code\font\A.txt">
      <Filter>font</Filter>
    </Text>
    <Text Include="..\..\!Source Code\font\B.txt">
      <Filter>font</Filter>
    </Text>
    <Text Include="..\..\!Source Code\font\C.txt">
      <Filter>font</Filter>
    </Text>
    <Text Include="..\..\!Source Code\font\COLON.txt">
      <Filter>font</Filter>
    </Text>
    <Text Include="..\..\!Source Code\font\D.txt">
      <Filter>font</Filter>
    </Text>
    <Text Include="..\..\!Source Code\font\E.txt">
      <Filter>font</Filter>
    </Text>
    <Text Include="..\..\!Source Code\font\F.txt">
      <Filter>font</Filter>
    </Text>
    <Text Include="..\..\!Source Code\font\G.txt">
      <Filter>font</Filter>
    </Text>
    <Text Include="..\..\!Source Code\font\H.txt">
      <Filter>font</Filter>
    </Text>
    <Text Include="..\..\!Source Code\font\I.txt">
      <Filter>font</Filter>
    </Text>
    <Text Include="..\..\!Source Code\font\J.txt">
      <Filter>font</Filter>
    </Text>
    <Text Include="..\..\!Source Code\font\K.txt">
      <Filter>font</Filter>
    </Text>
    <Text Include="..\..\!Source Code\font\L.txt">
      <Filter>font</Filter>
    </Text>
    <Text Include="..\..\!Source Code\font\M.txt">
      <Filter>font</Filter>
    </Text>
    <Text Include="..\..\!Source Code\font\O.txt">
      <Filter>font</Filter>
    </Text>
    <Text Include="..\..\!Source Code\font\P.txt">
      <Filter>font</Filter>
    </Text>
    <Text Include="..\..\!Source Code\font\PossibleCharacters.txt">
      <Filter>font</Filter>
    </Text>
    <Text Include="..\..\!Source Code\font\Q.txt">
      <Filter>font</Filter>
    </Text>
    <Text Include="..\..\!Source Code\font\R.txt">
      <Filter>font</Filter>
    </Text>
    <Text Include="..\..\!Source Code\font\S.txt">
      <Filter>font</Filter>
    </Text>
    <Text Include="..\..\!Source Code\font\SPACE.txt">
      <Filter>font</Filter>
    </Text>
    <Text Include="..\..\!Source Code\font\T.txt">
      <Filter>font</Filter>
    </Text>
    <Text Include="..\..\!Source Code\font\U.txt">
      <Filter>font</Filter>
    </Text>
    <Text Include="..\..\!Source Code\font\V.txt">
      <Filter>font</Filter>
    </Text>
    <Text Include="..\..\!Source Code\font\W.txt">
      <Filter>font</Filter>
    </Text>
    <Text Include="..\..\!Source Code\font\X.txt">
      <Filter>font</Filter>
    </Text>
    <Text Include="..\..\!Source Code\font\Y.txt">
      <Filter>font</Filter>
    </Text>
    <Text Include="..\..\!Source Code\font\Z.txt">
      <Filter>font</Filter>
    </Text>
    <Text Include="..\..\!Source Code\font\N.txt">
      <Filter>font</Filter>
    </Text>
  </ItemGroup>
</Project>