<?xml version="1.0" encoding="UTF-8" standalone="yes" ?>
<CodeBlocks_project_file>
	<FileVersion major="1" minor="6" />
	<Project>
		<Option title="Tetris_CB" />
		<Option pch_mode="2" />
		<Option compiler="gcc" />
		<Option virtualFolders="CPP Files/" />
		<Build>
			<Target title="Debug">
				<Option output="bin/Debug/Tetris_CB" prefix_auto="1" extension_auto="1" />
				<Option object_output="obj/Debug/" />
				<Option type="1" />
				<Option compiler="gcc" />
				<Compiler>
					<Add option="-g" />
				</Compiler>
			</Target>
			<Target title="Release">
				<Option output="bin/Release/Tetris_CB" prefix_auto="1" extension_auto="1" />
				<Option object_output="obj/Release/" />
				<Option type="1" />
				<Option compiler="gcc" />
				<Compiler>
					<Add option="-O2" />
				</Compiler>
				<Linker>
					<Add option="-s" />
				</Linker>
			</Target>
		</Build>
		<Compiler>
			<Add option="-Wall" />
			<Add option="-fexceptions" />
		</Compiler>
		<Unit filename="../../!Source Code/Constants.h" />
		<Unit filename="../../!Source Code/LeftL.cpp" />
		<Unit filename="../../!Source Code/LeftL.h" />
		<Unit filename="../../!Source Code/Line.cpp" />
		<Unit filename="../../!Source Code/Line.h" />
		<Unit filename="../../!Source Code/No Mans Land.txt" />
		<Unit filename="../../!Source Code/RightL.cpp" />
		<Unit filename="../../!Source Code/RightL.h" />
		<Unit filename="../../!Source Code/SDL Files/SDL_Plotter.cpp" />
		<Unit filename="../../!Source Code/SDL Files/SDL_Plotter.h" />
		<Unit filename="../../!Source Code/SDL_Plotter.cpp" />
		<Unit filename="../../!Source Code/SDL_Plotter.h" />
		<Unit filename="../../!Source Code/SigZag.cpp" />
		<Unit filename="../../!Source Code/SigZag.h" />
		<Unit filename="../../!Source Code/Square.cpp" />
		<Unit filename="../../!Source Code/Square.h" />
		<Unit filename="../../!Source Code/Tee.cpp" />
		<Unit filename="../../!Source Code/Tee.h" />
		<Unit filename="../../!Source Code/Text.cpp" />
		<Unit filename="../../!Source Code/Text.h" />
		<Unit filename="../../!Source Code/Tile.cpp" />
		<Unit filename="../../!Source Code/Tile.h" />
		<Unit filename="../../!Source Code/ZigZag.cpp" />
		<Unit filename="../../!Source Code/ZigZag.h" />
		<Unit filename="../../!Source Code/font/-.txt" />
		<Unit filename="../../!Source Code/font/.DS_Store" />
		<Unit filename="../../!Source Code/font/0.txt" />
		<Unit filename="../../!Source Code/font/1.txt" />
		<Unit filename="../../!Source Code/font/2.txt" />
		<Unit filename="../../!Source Code/font/3.txt" />
		<Unit filename="../../!Source Code/font/4.txt" />
		<Unit filename="../../!Source Code/font/5.txt" />
		<Unit filename="../../!Source Code/font/6.txt" />
		<Unit filename="../../!Source Code/font/7.txt" />
		<Unit filename="../../!Source Code/font/8.txt" />
		<Unit filename="../../!Source Code/font/9.txt" />
		<Unit filename="../../!Source Code/font/A.txt" />
		<Unit filename="../../!Source Code/font/B.txt" />
		<Unit filename="../../!Source Code/font/C.txt" />
		<Unit filename="../../!Source Code/font/D.txt" />
		<Unit filename="../../!Source Code/font/E.txt" />
		<Unit filename="../../!Source Code/font/EXAMPLE.txt" />
		<Unit filename="../../!Source Code/font/F.txt" />
		<Unit filename="../../!Source Code/font/G.txt" />
		<Unit filename="../../!Source Code/font/H.txt" />
		<Unit filename="../../!Source Code/font/I.txt" />
		<Unit filename="../../!Source Code/font/J.txt" />
		<Unit filename="../../!Source Code/font/K.txt" />
		<Unit filename="../../!Source Code/font/L.txt" />
		<Unit filename="../../!Source Code/font/M.txt" />
		<Unit filename="../../!Source Code/font/N.txt" />
		<Unit filename="../../!Source Code/font/O.txt" />
		<Unit filename="../../!Source Code/font/P.txt" />
		<Unit filename="../../!Source Code/font/PossibleCharacters.txt" />
		<Unit filename="../../!Source Code/font/Q.txt" />
		<Unit filename="../../!Source Code/font/R.txt" />
		<Unit filename="../../!Source Code/font/S.txt" />
		<Unit filename="../../!Source Code/font/SPACE.txt" />
		<Unit filename="../../!Source Code/font/T.txt" />
		<Unit filename="../../!Source Code/font/U.txt" />
		<Unit filename="../../!Source Code/font/V.txt" />
		<Unit filename="../../!Source Code/font/W.txt" />
		<Unit filename="../../!Source Code/font/X.txt" />
		<Unit filename="../../!Source Code/font/Y.txt" />
		<Unit filename="../../!Source Code/font/Z.txt" />
		<Unit filename="../../!Source Code/font/_.txt" />
		<Unit filename="../../!Source Code/font/colon.txt" />
		<Unit filename="../../!Source Code/main.cpp" />
		<Unit filename="../../!Source Code/sounds/blockSpawn.wav" />
		<Unit filename="../../!Source Code/sounds/drop.wav" />
		<Unit filename="../../!Source Code/sounds/gameOver.mp3" />
		<Unit filename="../../!Source Code/sounds/gameOver.wav" />
		<Unit filename="../../!Source Code/sounds/lineClear.wav" />
		<Unit filename="../../!Source Code/sounds/rotate.wav" />
		<Unit filename="../../!Source Code/sounds/startGame.wav" />
		<Unit filename="../../!Source Code/sounds/tetris.wav" />
		<Unit filename="../../!Source Code/startScreen.h" />
		<Extensions />
	</Project>
</CodeBlocks_project_file>
